
Microsoft Visual Studio Solution File, Format Version 12.00
# Visual Studio Version 17
VisualStudioVersion = 17.14.36109.1
MinimumVisualStudioVersion = 10.0.40219.1
Project("{FAE04EC0-301F-11D3-BF4B-00C04F79EFBC}") = "TestStandartDialog", "TestStandartDialog\TestStandartDialog.csproj", "{EA21B5C2-EB38-4872-897C-C097513A943E}"
EndProject
Global
	GlobalSection(SolutionConfigurationPlatforms) = preSolution
		Debug|Any CPU = Debug|Any CPU
		Release|Any CPU = Release|Any CPU
	EndGlobalSection
	GlobalSection(ProjectConfigurationPlatforms) = postSolution
		{EA21B5C2-EB38-4872-897C-C097513A943E}.Debug|Any CPU.ActiveCfg = Debug|Any CPU
		{EA21B5C2-EB38-4872-897C-C097513A943E}.Debug|Any CPU.Build.0 = Debug|Any CPU
		{EA21B5C2-EB38-4872-897C-C097513A943E}.Release|Any CPU.ActiveCfg = Release|Any CPU
		{EA21B5C2-EB38-4872-897C-C097513A943E}.Release|Any CPU.Build.0 = Release|Any CPU
	EndGlobalSection
	GlobalSection(SolutionProperties) = preSolution
		HideSolutionNode = FALSE
	EndGlobalSection
	GlobalSection(ExtensibilityGlobals) = postSolution
		SolutionGuid = {F0556907-907B-406D-BD10-86416B36F81F}
	EndGlobalSection
EndGlobal
