
Microsoft Visual Studio Solution File, Format Version 12.00
# Visual Studio Version 17
VisualStudioVersion = 17.14.36109.1
MinimumVisualStudioVersion = 10.0.40219.1
Project("{FAE04EC0-301F-11D3-BF4B-00C04F79EFBC}") = "Starter_2008", "Starter_2008\Starter_2008.csproj", "{E7A3E514-3A05-449D-9BBD-1D89A0E0E9E1}"
EndProject
Global
	GlobalSection(SolutionConfigurationPlatforms) = preSolution
		Debug|Any CPU = Debug|Any CPU
		Release|Any CPU = Release|Any CPU
	EndGlobalSection
	GlobalSection(ProjectConfigurationPlatforms) = postSolution
		{E7A3E514-3A05-449D-9BBD-1D89A0E0E9E1}.Debug|Any CPU.ActiveCfg = Debug|Any CPU
		{E7A3E514-3A05-449D-9BBD-1D89A0E0E9E1}.Debug|Any CPU.Build.0 = Debug|Any CPU
		{E7A3E514-3A05-449D-9BBD-1D89A0E0E9E1}.Release|Any CPU.ActiveCfg = Release|Any CPU
		{E7A3E514-3A05-449D-9BBD-1D89A0E0E9E1}.Release|Any CPU.Build.0 = Release|Any CPU
	EndGlobalSection
	GlobalSection(SolutionProperties) = preSolution
		HideSolutionNode = FALSE
	EndGlobalSection
	GlobalSection(ExtensibilityGlobals) = postSolution
		SolutionGuid = {AEA59DC7-8D7D-4C05-BC2D-EA2818DCA1E9}
	EndGlobalSection
EndGlobal
